
Microsoft Visual Studio Solution File, Format Version 12.00
# Visual Studio Version 17
VisualStudioVersion = 17.3.32929.385
MinimumVisualStudioVersion = 10.0.40219.1
Project("{FAE04EC0-301F-11D3-BF4B-00C04F79EFBC}") = "c11-2", "c11-2.csproj", "{C083DD8D-9B1A-4D33-95E9-DEF6A3E703E2}"
EndProject
Global
	GlobalSection(SolutionConfigurationPlatforms) = preSolution
		Debug|Any CPU = Debug|Any CPU
		Release|Any CPU = Release|Any CPU
	EndGlobalSection
	GlobalSection(ProjectConfigurationPlatforms) = postSolution
		{C083DD8D-9B1A-4D33-95E9-DEF6A3E703E2}.Debug|Any CPU.ActiveCfg = Debug|Any CPU
		{C083DD8D-9B1A-4D33-95E9-DEF6A3E703E2}.Debug|Any CPU.Build.0 = Debug|Any CPU
		{C083DD8D-9B1A-4D33-95E9-DEF6A3E703E2}.Release|Any CPU.ActiveCfg = Release|Any CPU
		{C083DD8D-9B1A-4D33-95E9-DEF6A3E703E2}.Release|Any CPU.Build.0 = Release|Any CPU
	EndGlobalSection
	GlobalSection(SolutionProperties) = preSolution
		HideSolutionNode = FALSE
	EndGlobalSection
	GlobalSection(ExtensibilityGlobals) = postSolution
		SolutionGuid = {837A135C-87A6-4F3C-9C56-74425D12C589}
	EndGlobalSection
EndGlobal
