
Microsoft Visual Studio Solution File, Format Version 12.00
# Visual Studio Version 16
VisualStudioVersion = 16.0.30503.244
MinimumVisualStudioVersion = 10.0.40219.1
Project("{FAE04EC0-301F-11D3-BF4B-00C04F79EFBC}") = "RichText_Application", "RichText_Application.csproj", "{B9E8DD88-9469-4CB2-B59A-B19B62AE23F8}"
EndProject
Global
	GlobalSection(SolutionConfigurationPlatforms) = preSolution
		Debug|Any CPU = Debug|Any CPU
		Release|Any CPU = Release|Any CPU
	EndGlobalSection
	GlobalSection(ProjectConfigurationPlatforms) = postSolution
		{B9E8DD88-9469-4CB2-B59A-B19B62AE23F8}.Debug|Any CPU.ActiveCfg = Debug|Any CPU
		{B9E8DD88-9469-4CB2-B59A-B19B62AE23F8}.Debug|Any CPU.Build.0 = Debug|Any CPU
		{B9E8DD88-9469-4CB2-B59A-B19B62AE23F8}.Release|Any CPU.ActiveCfg = Release|Any CPU
		{B9E8DD88-9469-4CB2-B59A-B19B62AE23F8}.Release|Any CPU.Build.0 = Release|Any CPU
	EndGlobalSection
	GlobalSection(SolutionProperties) = preSolution
		HideSolutionNode = FALSE
	EndGlobalSection
	GlobalSection(ExtensibilityGlobals) = postSolution
		SolutionGuid = {ACDB78D0-869F-4728-BB67-9AD6B5EC8875}
	EndGlobalSection
EndGlobal
