
Microsoft Visual Studio Solution File, Format Version 12.00
# Visual Studio Version 17
VisualStudioVersion = 17.3.32929.385
MinimumVisualStudioVersion = 10.0.40219.1
Project("{FAE04EC0-301F-11D3-BF4B-00C04F79EFBC}") = "c8_9-1", "c8_9-1.csproj", "{51C033EE-FC70-42AF-9357-74F23779E5C6}"
EndProject
Global
	GlobalSection(SolutionConfigurationPlatforms) = preSolution
		Debug|Any CPU = Debug|Any CPU
		Release|Any CPU = Release|Any CPU
	EndGlobalSection
	GlobalSection(ProjectConfigurationPlatforms) = postSolution
		{51C033EE-FC70-42AF-9357-74F23779E5C6}.Debug|Any CPU.ActiveCfg = Debug|Any CPU
		{51C033EE-FC70-42AF-9357-74F23779E5C6}.Debug|Any CPU.Build.0 = Debug|Any CPU
		{51C033EE-FC70-42AF-9357-74F23779E5C6}.Release|Any CPU.ActiveCfg = Release|Any CPU
		{51C033EE-FC70-42AF-9357-74F23779E5C6}.Release|Any CPU.Build.0 = Release|Any CPU
	EndGlobalSection
	GlobalSection(SolutionProperties) = preSolution
		HideSolutionNode = FALSE
	EndGlobalSection
	GlobalSection(ExtensibilityGlobals) = postSolution
		SolutionGuid = {68CFC69C-0C5A-4C9E-B750-9201FA71AB22}
	EndGlobalSection
EndGlobal
