
Microsoft Visual Studio Solution File, Format Version 12.00
# Visual Studio Version 17
VisualStudioVersion = 17.3.32929.385
MinimumVisualStudioVersion = 10.0.40219.1
Project("{FAE04EC0-301F-11D3-BF4B-00C04F79EFBC}") = "c7-h8", "c7-h8.csproj", "{7F5A0163-4160-4A61-9DDB-599CF8D66287}"
EndProject
Global
	GlobalSection(SolutionConfigurationPlatforms) = preSolution
		Debug|Any CPU = Debug|Any CPU
		Release|Any CPU = Release|Any CPU
	EndGlobalSection
	GlobalSection(ProjectConfigurationPlatforms) = postSolution
		{7F5A0163-4160-4A61-9DDB-599CF8D66287}.Debug|Any CPU.ActiveCfg = Debug|Any CPU
		{7F5A0163-4160-4A61-9DDB-599CF8D66287}.Debug|Any CPU.Build.0 = Debug|Any CPU
		{7F5A0163-4160-4A61-9DDB-599CF8D66287}.Release|Any CPU.ActiveCfg = Release|Any CPU
		{7F5A0163-4160-4A61-9DDB-599CF8D66287}.Release|Any CPU.Build.0 = Release|Any CPU
	EndGlobalSection
	GlobalSection(SolutionProperties) = preSolution
		HideSolutionNode = FALSE
	EndGlobalSection
	GlobalSection(ExtensibilityGlobals) = postSolution
		SolutionGuid = {0E190DFD-14B4-4F71-A852-1577BD0D0B69}
	EndGlobalSection
EndGlobal
