
Microsoft Visual Studio Solution File, Format Version 12.00
# Visual Studio Version 16
VisualStudioVersion = 16.0.30804.86
MinimumVisualStudioVersion = 10.0.40219.1
Project("{FAE04EC0-301F-11D3-BF4B-00C04F79EFBC}") = "DataGridAccess", "DataGridAccess\DataGridAccess.csproj", "{CAE2DEF6-DBB0-4A10-98DF-EBFBC03FB794}"
EndProject
Global
	GlobalSection(SolutionConfigurationPlatforms) = preSolution
		Debug|Any CPU = Debug|Any CPU
		Release|Any CPU = Release|Any CPU
	EndGlobalSection
	GlobalSection(ProjectConfigurationPlatforms) = postSolution
		{CAE2DEF6-DBB0-4A10-98DF-EBFBC03FB794}.Debug|Any CPU.ActiveCfg = Debug|Any CPU
		{CAE2DEF6-DBB0-4A10-98DF-EBFBC03FB794}.Debug|Any CPU.Build.0 = Debug|Any CPU
		{CAE2DEF6-DBB0-4A10-98DF-EBFBC03FB794}.Release|Any CPU.ActiveCfg = Release|Any CPU
		{CAE2DEF6-DBB0-4A10-98DF-EBFBC03FB794}.Release|Any CPU.Build.0 = Release|Any CPU
	EndGlobalSection
	GlobalSection(SolutionProperties) = preSolution
		HideSolutionNode = FALSE
	EndGlobalSection
	GlobalSection(ExtensibilityGlobals) = postSolution
		SolutionGuid = {917DE31C-1218-413D-ABE1-87AE0EE9004A}
	EndGlobalSection
EndGlobal
