
Microsoft Visual Studio Solution File, Format Version 12.00
# Visual Studio Version 17
VisualStudioVersion = 17.3.32929.385
MinimumVisualStudioVersion = 10.0.40219.1
Project("{FAE04EC0-301F-11D3-BF4B-00C04F79EFBC}") = "TypeConversion", "TypeConversion\TypeConversion.csproj", "{CE7AC702-95F8-4C85-9EE3-E8ED7AB140EC}"
EndProject
Global
	GlobalSection(SolutionConfigurationPlatforms) = preSolution
		Debug|Any CPU = Debug|Any CPU
		Release|Any CPU = Release|Any CPU
	EndGlobalSection
	GlobalSection(ProjectConfigurationPlatforms) = postSolution
		{CE7AC702-95F8-4C85-9EE3-E8ED7AB140EC}.Debug|Any CPU.ActiveCfg = Debug|Any CPU
		{CE7AC702-95F8-4C85-9EE3-E8ED7AB140EC}.Debug|Any CPU.Build.0 = Debug|Any CPU
		{CE7AC702-95F8-4C85-9EE3-E8ED7AB140EC}.Release|Any CPU.ActiveCfg = Release|Any CPU
		{CE7AC702-95F8-4C85-9EE3-E8ED7AB140EC}.Release|Any CPU.Build.0 = Release|Any CPU
	EndGlobalSection
	GlobalSection(SolutionProperties) = preSolution
		HideSolutionNode = FALSE
	EndGlobalSection
	GlobalSection(ExtensibilityGlobals) = postSolution
		SolutionGuid = {3034F6FC-50CE-420B-98CC-DA23C2E7ADA7}
	EndGlobalSection
EndGlobal
