
Microsoft Visual Studio Solution File, Format Version 12.00
# Visual Studio Version 17
VisualStudioVersion = 17.3.32929.385
MinimumVisualStudioVersion = 10.0.40219.1
Project("{FAE04EC0-301F-11D3-BF4B-00C04F79EFBC}") = "c11-1", "c11-1.csproj", "{B184C278-11FD-4776-83F7-9606339C0122}"
EndProject
Global
	GlobalSection(SolutionConfigurationPlatforms) = preSolution
		Debug|Any CPU = Debug|Any CPU
		Release|Any CPU = Release|Any CPU
	EndGlobalSection
	GlobalSection(ProjectConfigurationPlatforms) = postSolution
		{B184C278-11FD-4776-83F7-9606339C0122}.Debug|Any CPU.ActiveCfg = Debug|Any CPU
		{B184C278-11FD-4776-83F7-9606339C0122}.Debug|Any CPU.Build.0 = Debug|Any CPU
		{B184C278-11FD-4776-83F7-9606339C0122}.Release|Any CPU.ActiveCfg = Release|Any CPU
		{B184C278-11FD-4776-83F7-9606339C0122}.Release|Any CPU.Build.0 = Release|Any CPU
	EndGlobalSection
	GlobalSection(SolutionProperties) = preSolution
		HideSolutionNode = FALSE
	EndGlobalSection
	GlobalSection(ExtensibilityGlobals) = postSolution
		SolutionGuid = {587D4584-DA4A-47B9-828E-62B12F9D9ACA}
	EndGlobalSection
EndGlobal
