
Microsoft Visual Studio Solution File, Format Version 12.00
# Visual Studio Version 17
VisualStudioVersion = 17.3.32929.385
MinimumVisualStudioVersion = 10.0.40219.1
Project("{FAE04EC0-301F-11D3-BF4B-00C04F79EFBC}") = "c8_9-3", "c8_9-3.csproj", "{EDD184AE-F8AA-4644-ABE1-ACA1DE85163A}"
EndProject
Global
	GlobalSection(SolutionConfigurationPlatforms) = preSolution
		Debug|Any CPU = Debug|Any CPU
		Release|Any CPU = Release|Any CPU
	EndGlobalSection
	GlobalSection(ProjectConfigurationPlatforms) = postSolution
		{EDD184AE-F8AA-4644-ABE1-ACA1DE85163A}.Debug|Any CPU.ActiveCfg = Debug|Any CPU
		{EDD184AE-F8AA-4644-ABE1-ACA1DE85163A}.Debug|Any CPU.Build.0 = Debug|Any CPU
		{EDD184AE-F8AA-4644-ABE1-ACA1DE85163A}.Release|Any CPU.ActiveCfg = Release|Any CPU
		{EDD184AE-F8AA-4644-ABE1-ACA1DE85163A}.Release|Any CPU.Build.0 = Release|Any CPU
	EndGlobalSection
	GlobalSection(SolutionProperties) = preSolution
		HideSolutionNode = FALSE
	EndGlobalSection
	GlobalSection(ExtensibilityGlobals) = postSolution
		SolutionGuid = {5EA94560-5FFE-4722-8533-35A416B65BD2}
	EndGlobalSection
EndGlobal
