
Microsoft Visual Studio Solution File, Format Version 12.00
# Visual Studio Version 16
VisualStudioVersion = 16.0.30503.244
MinimumVisualStudioVersion = 10.0.40219.1
Project("{FAE04EC0-301F-11D3-BF4B-00C04F79EFBC}") = "Draw_Pie_Graphic", "Draw_Pie_Graphic.csproj", "{6A38F522-4D8B-4E3F-9FC2-5EDDFB16B3DC}"
EndProject
Global
	GlobalSection(SolutionConfigurationPlatforms) = preSolution
		Debug|Any CPU = Debug|Any CPU
		Release|Any CPU = Release|Any CPU
	EndGlobalSection
	GlobalSection(ProjectConfigurationPlatforms) = postSolution
		{6A38F522-4D8B-4E3F-9FC2-5EDDFB16B3DC}.Debug|Any CPU.ActiveCfg = Debug|Any CPU
		{6A38F522-4D8B-4E3F-9FC2-5EDDFB16B3DC}.Debug|Any CPU.Build.0 = Debug|Any CPU
		{6A38F522-4D8B-4E3F-9FC2-5EDDFB16B3DC}.Release|Any CPU.ActiveCfg = Release|Any CPU
		{6A38F522-4D8B-4E3F-9FC2-5EDDFB16B3DC}.Release|Any CPU.Build.0 = Release|Any CPU
	EndGlobalSection
	GlobalSection(SolutionProperties) = preSolution
		HideSolutionNode = FALSE
	EndGlobalSection
	GlobalSection(ExtensibilityGlobals) = postSolution
		SolutionGuid = {A3855FA5-F11A-4802-A940-B28B2703B14D}
	EndGlobalSection
EndGlobal
