
Microsoft Visual Studio Solution File, Format Version 12.00
# Visual Studio Version 17
VisualStudioVersion = 17.8.34330.188
MinimumVisualStudioVersion = 10.0.40219.1
Project("{FAE04EC0-301F-11D3-BF4B-00C04F79EFBC}") = "study_final", "study_final.csproj", "{4BF1C11A-DA9C-478A-B296-B2575C31050B}"
EndProject
Global
	GlobalSection(SolutionConfigurationPlatforms) = preSolution
		Debug|Any CPU = Debug|Any CPU
		Release|Any CPU = Release|Any CPU
	EndGlobalSection
	GlobalSection(ProjectConfigurationPlatforms) = postSolution
		{4BF1C11A-DA9C-478A-B296-B2575C31050B}.Debug|Any CPU.ActiveCfg = Debug|Any CPU
		{4BF1C11A-DA9C-478A-B296-B2575C31050B}.Debug|Any CPU.Build.0 = Debug|Any CPU
		{4BF1C11A-DA9C-478A-B296-B2575C31050B}.Release|Any CPU.ActiveCfg = Release|Any CPU
		{4BF1C11A-DA9C-478A-B296-B2575C31050B}.Release|Any CPU.Build.0 = Release|Any CPU
	EndGlobalSection
	GlobalSection(SolutionProperties) = preSolution
		HideSolutionNode = FALSE
	EndGlobalSection
	GlobalSection(ExtensibilityGlobals) = postSolution
		SolutionGuid = {55BAB704-86DF-4FFF-9A22-AFF2A49EFB69}
	EndGlobalSection
EndGlobal
